{
  "version": 4,
  "terraform_version": "1.3.2",
  "serial": 2,
  "lineage": "ff891195-be01-696b-8499-1bcf6f7e99e5",
  "outputs": {},
  "resources": [
    {
      "mode": "managed",
      "type": "local_file",
      "name": "Myfile",
      "provider": "provider[\"registry.terraform.io/hashicorp/local\"]",
      "instances": [
        {
          "schema_version": 0,
          "attributes": {
            "content": "Specifies the name to attach to the role session. This value is provided to the RoleSessionName\nparameter when the AWS CLI calls the AssumeRole operation, and becomes part of the assumed\nrole user ARN: arn:aws:sts::123456789012:assumed-role/role_name/role_session_name.\nThis is an optional parameter. If you do not provide this value, a session name is generated\nautomatically. This name appears in AWS CloudTrail logs for entries associated with this session.\n",
            "content_base64": null,
            "directory_permission": "0777",
            "file_permission": "0777",
            "filename": "art_of_file.txt",
            "id": "a418727e808044416bd667f7d390002c57c104ed",
            "sensitive_content": null,
            "source": null
          },
          "sensitive_attributes": [],
          "private": "bnVsbA=="
        }
      ]
    }
  ],
  "check_results": []
}
